
Microsoft Visual Studio Solution File, Format Version 12.00
# Visual Studio Version 17
VisualStudioVersion = 17.7.34018.315
MinimumVisualStudioVersion = 10.0.40219.1
Project("{9A19103F-16F7-4668-BE54-9A1E7A4F7556}") = "PizzariaWebApp", "PizzariaWebApp.csproj", "{DBAA2A0A-5999-409D-846C-296BCC580182}"
EndProject
Global
	GlobalSection(SolutionConfigurationPlatforms) = preSolution
		Debug|Any CPU = Debug|Any CPU
		Release|Any CPU = Release|Any CPU
	EndGlobalSection
	GlobalSection(ProjectConfigurationPlatforms) = postSolution
		{DBAA2A0A-5999-409D-846C-296BCC580182}.Debug|Any CPU.ActiveCfg = Debug|Any CPU
		{DBAA2A0A-5999-409D-846C-296BCC580182}.Debug|Any CPU.Build.0 = Debug|Any CPU
		{DBAA2A0A-5999-409D-846C-296BCC580182}.Release|Any CPU.ActiveCfg = Release|Any CPU
		{DBAA2A0A-5999-409D-846C-296BCC580182}.Release|Any CPU.Build.0 = Release|Any CPU
	EndGlobalSection
	GlobalSection(SolutionProperties) = preSolution
		HideSolutionNode = FALSE
	EndGlobalSection
	GlobalSection(ExtensibilityGlobals) = postSolution
		SolutionGuid = {6F79684A-30EA-4756-9580-9985AC554E81}
	EndGlobalSection
EndGlobal
